
Microsoft Visual Studio Solution File, Format Version 12.00
# Visual Studio Version 17
VisualStudioVersion = 17.5.33627.172
MinimumVisualStudioVersion = 10.0.40219.1
Project("{FAE04EC0-301F-11D3-BF4B-00C04F79EFBC}") = "ProjectX", "ProjectX\ProjectX.csproj", "{EF1EB7DD-C0E1-4219-856B-D3AB17B8D664}"
EndProject
Global
	GlobalSection(SolutionConfigurationPlatforms) = preSolution
		Debug|Any CPU = Debug|Any CPU
		Release|Any CPU = Release|Any CPU
	EndGlobalSection
	GlobalSection(ProjectConfigurationPlatforms) = postSolution
		{EF1EB7DD-C0E1-4219-856B-D3AB17B8D664}.Debug|Any CPU.ActiveCfg = Debug|Any CPU
		{EF1EB7DD-C0E1-4219-856B-D3AB17B8D664}.Debug|Any CPU.Build.0 = Debug|Any CPU
		{EF1EB7DD-C0E1-4219-856B-D3AB17B8D664}.Release|Any CPU.ActiveCfg = Release|Any CPU
		{EF1EB7DD-C0E1-4219-856B-D3AB17B8D664}.Release|Any CPU.Build.0 = Release|Any CPU
	EndGlobalSection
	GlobalSection(SolutionProperties) = preSolution
		HideSolutionNode = FALSE
	EndGlobalSection
	GlobalSection(ExtensibilityGlobals) = postSolution
		SolutionGuid = {664F72B6-E0C1-473F-9271-2D1FC5673D4B}
	EndGlobalSection
EndGlobal
